
Microsoft Visual Studio Solution File, Format Version 12.00
# Visual Studio 15
VisualStudioVersion = 15.0.26228.52
MinimumVisualStudioVersion = 10.0.40219.1
Project("{9A19103F-16F7-4668-BE54-9A1E7A4F7556}") = "P_Test_1", "P_Test_1\P_Test_1.csproj", "{9FF86B0A-5B02-4BA0-971F-0FB75C66DE63}"
EndProject
Project("{FAE04EC0-301F-11D3-BF4B-00C04F79EFBC}") = "TEST", "TEST\TEST.csproj", "{7CDB6279-E147-40CC-AC08-34EC341DD463}"
EndProject
Project("{FAE04EC0-301F-11D3-BF4B-00C04F79EFBC}") = "K_TEST_20240118", "K_Apple_TEST\K_TEST_20240118.csproj", "{DCA9D28D-2CFC-40B0-86DB-C0BCB4BBF661}"
EndProject
Project("{FAE04EC0-301F-11D3-BF4B-00C04F79EFBC}") = "K_TEST_20240119", "K_TEST_20240119\K_TEST_20240119.csproj", "{A784D5F5-E8BB-429C-9F6D-01C5F717ACDF}"
EndProject
Project("{FAE04EC0-301F-11D3-BF4B-00C04F79EFBC}") = "K_TEST_20240119_divide", "K_TEST_20240119_divide\K_TEST_20240119_divide.csproj", "{C83DF2E1-0C36-457F-96B7-4CF3ACDF9D91}"
EndProject
Project("{FAE04EC0-301F-11D3-BF4B-00C04F79EFBC}") = "arrayarray", "arrayarray\arrayarray.csproj", "{A62F8AA4-7EFD-4D8D-B29C-26BB0676ECAC}"
EndProject
Project("{FAE04EC0-301F-11D3-BF4B-00C04F79EFBC}") = "array2", "array2\array2.csproj", "{D5487417-268B-4F94-A7EB-16169963CAD2}"
EndProject
Project("{FAE04EC0-301F-11D3-BF4B-00C04F79EFBC}") = "J_TEST_Karaoke", "J_TEST_Karaoke\J_TEST_Karaoke.csproj", "{D8A4DDE9-3A56-4D1D-B490-E311BCDBC579}"
EndProject
Project("{FAE04EC0-301F-11D3-BF4B-00C04F79EFBC}") = "K_TEST_01", "K_TEST_01\K_TEST_01.csproj", "{D318313D-1C61-4326-B648-5AED01FE0A10}"
EndProject
Project("{FAE04EC0-301F-11D3-BF4B-00C04F79EFBC}") = "ConsoleApp1", "ConsoleApp1\ConsoleApp1.csproj", "{F184D521-7B23-4EC7-A720-5332FA835AB2}"
EndProject
Project("{FAE04EC0-301F-11D3-BF4B-00C04F79EFBC}") = "K_TEST_20240123", "K_TEST_20240123\K_TEST_20240123.csproj", "{D757E9D7-27B0-4351-A4F4-850ABFA3A864}"
EndProject
Project("{FAE04EC0-301F-11D3-BF4B-00C04F79EFBC}") = "K_TEST_20240123_ThreeMusket", "K_TEST_20240123_ThreeMusket\K_TEST_20240123_ThreeMusket.csproj", "{7E18BF85-53F4-4811-A042-A0EE41DE22AB}"
EndProject
Project("{FAE04EC0-301F-11D3-BF4B-00C04F79EFBC}") = "K_TEST_20240123_Name_Card", "K_TEST_20240123_Name_Card\K_TEST_20240123_Name_Card.csproj", "{3214ABB6-A0CE-4D39-AAA0-1806F6D9791A}"
EndProject
Project("{FAE04EC0-301F-11D3-BF4B-00C04F79EFBC}") = "K_TEST_20240124_Ascii", "K_TEST_20240124_Ascii\K_TEST_20240124_Ascii.csproj", "{2089E0B2-C826-4D29-8F32-B6F9BB98B9B6}"
EndProject
Project("{FAE04EC0-301F-11D3-BF4B-00C04F79EFBC}") = "K_TEST_20240124_Near", "K_TEST_20240124_Near\K_TEST_20240124_Near.csproj", "{4EEA5142-2401-4EB1-9DD4-698844B67D43}"
EndProject
Project("{FAE04EC0-301F-11D3-BF4B-00C04F79EFBC}") = "K_TEST_20240130_Sort", "K_TEST_20240130_Sort\K_TEST_20240130_Sort.csproj", "{8A1A6A78-C6A7-4FF9-A33C-836C54752505}"
EndProject
Global
	GlobalSection(SolutionConfigurationPlatforms) = preSolution
		Debug|Any CPU = Debug|Any CPU
		Release|Any CPU = Release|Any CPU
	EndGlobalSection
	GlobalSection(ProjectConfigurationPlatforms) = postSolution
		{9FF86B0A-5B02-4BA0-971F-0FB75C66DE63}.Debug|Any CPU.ActiveCfg = Debug|Any CPU
		{9FF86B0A-5B02-4BA0-971F-0FB75C66DE63}.Debug|Any CPU.Build.0 = Debug|Any CPU
		{9FF86B0A-5B02-4BA0-971F-0FB75C66DE63}.Release|Any CPU.ActiveCfg = Release|Any CPU
		{9FF86B0A-5B02-4BA0-971F-0FB75C66DE63}.Release|Any CPU.Build.0 = Release|Any CPU
		{7CDB6279-E147-40CC-AC08-34EC341DD463}.Debug|Any CPU.ActiveCfg = Debug|Any CPU
		{7CDB6279-E147-40CC-AC08-34EC341DD463}.Debug|Any CPU.Build.0 = Debug|Any CPU
		{7CDB6279-E147-40CC-AC08-34EC341DD463}.Release|Any CPU.ActiveCfg = Release|Any CPU
		{7CDB6279-E147-40CC-AC08-34EC341DD463}.Release|Any CPU.Build.0 = Release|Any CPU
		{DCA9D28D-2CFC-40B0-86DB-C0BCB4BBF661}.Debug|Any CPU.ActiveCfg = Debug|Any CPU
		{DCA9D28D-2CFC-40B0-86DB-C0BCB4BBF661}.Debug|Any CPU.Build.0 = Debug|Any CPU
		{DCA9D28D-2CFC-40B0-86DB-C0BCB4BBF661}.Release|Any CPU.ActiveCfg = Release|Any CPU
		{DCA9D28D-2CFC-40B0-86DB-C0BCB4BBF661}.Release|Any CPU.Build.0 = Release|Any CPU
		{A784D5F5-E8BB-429C-9F6D-01C5F717ACDF}.Debug|Any CPU.ActiveCfg = Debug|Any CPU
		{A784D5F5-E8BB-429C-9F6D-01C5F717ACDF}.Debug|Any CPU.Build.0 = Debug|Any CPU
		{A784D5F5-E8BB-429C-9F6D-01C5F717ACDF}.Release|Any CPU.ActiveCfg = Release|Any CPU
		{A784D5F5-E8BB-429C-9F6D-01C5F717ACDF}.Release|Any CPU.Build.0 = Release|Any CPU
		{C83DF2E1-0C36-457F-96B7-4CF3ACDF9D91}.Debug|Any CPU.ActiveCfg = Debug|Any CPU
		{C83DF2E1-0C36-457F-96B7-4CF3ACDF9D91}.Debug|Any CPU.Build.0 = Debug|Any CPU
		{C83DF2E1-0C36-457F-96B7-4CF3ACDF9D91}.Release|Any CPU.ActiveCfg = Release|Any CPU
		{C83DF2E1-0C36-457F-96B7-4CF3ACDF9D91}.Release|Any CPU.Build.0 = Release|Any CPU
		{A62F8AA4-7EFD-4D8D-B29C-26BB0676ECAC}.Debug|Any CPU.ActiveCfg = Debug|Any CPU
		{A62F8AA4-7EFD-4D8D-B29C-26BB0676ECAC}.Debug|Any CPU.Build.0 = Debug|Any CPU
		{A62F8AA4-7EFD-4D8D-B29C-26BB0676ECAC}.Release|Any CPU.ActiveCfg = Release|Any CPU
		{A62F8AA4-7EFD-4D8D-B29C-26BB0676ECAC}.Release|Any CPU.Build.0 = Release|Any CPU
		{D5487417-268B-4F94-A7EB-16169963CAD2}.Debug|Any CPU.ActiveCfg = Debug|Any CPU
		{D5487417-268B-4F94-A7EB-16169963CAD2}.Debug|Any CPU.Build.0 = Debug|Any CPU
		{D5487417-268B-4F94-A7EB-16169963CAD2}.Release|Any CPU.ActiveCfg = Release|Any CPU
		{D5487417-268B-4F94-A7EB-16169963CAD2}.Release|Any CPU.Build.0 = Release|Any CPU
		{D8A4DDE9-3A56-4D1D-B490-E311BCDBC579}.Debug|Any CPU.ActiveCfg = Debug|Any CPU
		{D8A4DDE9-3A56-4D1D-B490-E311BCDBC579}.Debug|Any CPU.Build.0 = Debug|Any CPU
		{D8A4DDE9-3A56-4D1D-B490-E311BCDBC579}.Release|Any CPU.ActiveCfg = Release|Any CPU
		{D8A4DDE9-3A56-4D1D-B490-E311BCDBC579}.Release|Any CPU.Build.0 = Release|Any CPU
		{D318313D-1C61-4326-B648-5AED01FE0A10}.Debug|Any CPU.ActiveCfg = Debug|Any CPU
		{D318313D-1C61-4326-B648-5AED01FE0A10}.Debug|Any CPU.Build.0 = Debug|Any CPU
		{D318313D-1C61-4326-B648-5AED01FE0A10}.Release|Any CPU.ActiveCfg = Release|Any CPU
		{D318313D-1C61-4326-B648-5AED01FE0A10}.Release|Any CPU.Build.0 = Release|Any CPU
		{F184D521-7B23-4EC7-A720-5332FA835AB2}.Debug|Any CPU.ActiveCfg = Debug|Any CPU
		{F184D521-7B23-4EC7-A720-5332FA835AB2}.Debug|Any CPU.Build.0 = Debug|Any CPU
		{F184D521-7B23-4EC7-A720-5332FA835AB2}.Release|Any CPU.ActiveCfg = Release|Any CPU
		{F184D521-7B23-4EC7-A720-5332FA835AB2}.Release|Any CPU.Build.0 = Release|Any CPU
		{D757E9D7-27B0-4351-A4F4-850ABFA3A864}.Debug|Any CPU.ActiveCfg = Debug|Any CPU
		{D757E9D7-27B0-4351-A4F4-850ABFA3A864}.Debug|Any CPU.Build.0 = Debug|Any CPU
		{D757E9D7-27B0-4351-A4F4-850ABFA3A864}.Release|Any CPU.ActiveCfg = Release|Any CPU
		{D757E9D7-27B0-4351-A4F4-850ABFA3A864}.Release|Any CPU.Build.0 = Release|Any CPU
		{7E18BF85-53F4-4811-A042-A0EE41DE22AB}.Debug|Any CPU.ActiveCfg = Debug|Any CPU
		{7E18BF85-53F4-4811-A042-A0EE41DE22AB}.Debug|Any CPU.Build.0 = Debug|Any CPU
		{7E18BF85-53F4-4811-A042-A0EE41DE22AB}.Release|Any CPU.ActiveCfg = Release|Any CPU
		{7E18BF85-53F4-4811-A042-A0EE41DE22AB}.Release|Any CPU.Build.0 = Release|Any CPU
		{3214ABB6-A0CE-4D39-AAA0-1806F6D9791A}.Debug|Any CPU.ActiveCfg = Debug|Any CPU
		{3214ABB6-A0CE-4D39-AAA0-1806F6D9791A}.Debug|Any CPU.Build.0 = Debug|Any CPU
		{3214ABB6-A0CE-4D39-AAA0-1806F6D9791A}.Release|Any CPU.ActiveCfg = Release|Any CPU
		{3214ABB6-A0CE-4D39-AAA0-1806F6D9791A}.Release|Any CPU.Build.0 = Release|Any CPU
		{2089E0B2-C826-4D29-8F32-B6F9BB98B9B6}.Debug|Any CPU.ActiveCfg = Debug|Any CPU
		{2089E0B2-C826-4D29-8F32-B6F9BB98B9B6}.Debug|Any CPU.Build.0 = Debug|Any CPU
		{2089E0B2-C826-4D29-8F32-B6F9BB98B9B6}.Release|Any CPU.ActiveCfg = Release|Any CPU
		{2089E0B2-C826-4D29-8F32-B6F9BB98B9B6}.Release|Any CPU.Build.0 = Release|Any CPU
		{4EEA5142-2401-4EB1-9DD4-698844B67D43}.Debug|Any CPU.ActiveCfg = Debug|Any CPU
		{4EEA5142-2401-4EB1-9DD4-698844B67D43}.Debug|Any CPU.Build.0 = Debug|Any CPU
		{4EEA5142-2401-4EB1-9DD4-698844B67D43}.Release|Any CPU.ActiveCfg = Release|Any CPU
		{4EEA5142-2401-4EB1-9DD4-698844B67D43}.Release|Any CPU.Build.0 = Release|Any CPU
		{8A1A6A78-C6A7-4FF9-A33C-836C54752505}.Debug|Any CPU.ActiveCfg = Debug|Any CPU
		{8A1A6A78-C6A7-4FF9-A33C-836C54752505}.Debug|Any CPU.Build.0 = Debug|Any CPU
		{8A1A6A78-C6A7-4FF9-A33C-836C54752505}.Release|Any CPU.ActiveCfg = Release|Any CPU
		{8A1A6A78-C6A7-4FF9-A33C-836C54752505}.Release|Any CPU.Build.0 = Release|Any CPU
	EndGlobalSection
	GlobalSection(SolutionProperties) = preSolution
		HideSolutionNode = FALSE
	EndGlobalSection
	GlobalSection(ExtensibilityGlobals) = postSolution
		SolutionGuid = {5B2923F8-FE7B-4AE4-AF49-024F9E2BAE0C}
	EndGlobalSection
EndGlobal
