
Microsoft Visual Studio Solution File, Format Version 12.00
# Visual Studio 15
VisualStudioVersion = 15.0.26228.52
MinimumVisualStudioVersion = 10.0.40219.1
Project("{9A19103F-16F7-4668-BE54-9A1E7A4F7556}") = "C_TEST", "C_TEST\C_TEST.csproj", "{6E47DFD4-E366-43B2-8F9E-218D4A7BED83}"
EndProject
Project("{9A19103F-16F7-4668-BE54-9A1E7A4F7556}") = "P_Test_1", "P_Test_1\P_Test_1.csproj", "{9FF86B0A-5B02-4BA0-971F-0FB75C66DE63}"
EndProject
Project("{FAE04EC0-301F-11D3-BF4B-00C04F79EFBC}") = "TEST", "TEST\TEST.csproj", "{7CDB6279-E147-40CC-AC08-34EC341DD463}"
EndProject
Project("{FAE04EC0-301F-11D3-BF4B-00C04F79EFBC}") = "K_TEST_20240118", "K_Apple_TEST\K_TEST_20240118.csproj", "{DCA9D28D-2CFC-40B0-86DB-C0BCB4BBF661}"
EndProject
Project("{FAE04EC0-301F-11D3-BF4B-00C04F79EFBC}") = "K_TEST_20240119", "K_TEST_20240119\K_TEST_20240119.csproj", "{A784D5F5-E8BB-429C-9F6D-01C5F717ACDF}"
EndProject
Project("{FAE04EC0-301F-11D3-BF4B-00C04F79EFBC}") = "K_TEST_20240119_divide", "K_TEST_20240119_divide\K_TEST_20240119_divide.csproj", "{C83DF2E1-0C36-457F-96B7-4CF3ACDF9D91}"
EndProject
Global
	GlobalSection(SolutionConfigurationPlatforms) = preSolution
		Debug|Any CPU = Debug|Any CPU
		Release|Any CPU = Release|Any CPU
	EndGlobalSection
	GlobalSection(ProjectConfigurationPlatforms) = postSolution
		{6E47DFD4-E366-43B2-8F9E-218D4A7BED83}.Debug|Any CPU.ActiveCfg = Debug|Any CPU
		{6E47DFD4-E366-43B2-8F9E-218D4A7BED83}.Debug|Any CPU.Build.0 = Debug|Any CPU
		{6E47DFD4-E366-43B2-8F9E-218D4A7BED83}.Release|Any CPU.ActiveCfg = Release|Any CPU
		{6E47DFD4-E366-43B2-8F9E-218D4A7BED83}.Release|Any CPU.Build.0 = Release|Any CPU
		{9FF86B0A-5B02-4BA0-971F-0FB75C66DE63}.Debug|Any CPU.ActiveCfg = Debug|Any CPU
		{9FF86B0A-5B02-4BA0-971F-0FB75C66DE63}.Debug|Any CPU.Build.0 = Debug|Any CPU
		{9FF86B0A-5B02-4BA0-971F-0FB75C66DE63}.Release|Any CPU.ActiveCfg = Release|Any CPU
		{9FF86B0A-5B02-4BA0-971F-0FB75C66DE63}.Release|Any CPU.Build.0 = Release|Any CPU
		{7CDB6279-E147-40CC-AC08-34EC341DD463}.Debug|Any CPU.ActiveCfg = Debug|Any CPU
		{7CDB6279-E147-40CC-AC08-34EC341DD463}.Debug|Any CPU.Build.0 = Debug|Any CPU
		{7CDB6279-E147-40CC-AC08-34EC341DD463}.Release|Any CPU.ActiveCfg = Release|Any CPU
		{7CDB6279-E147-40CC-AC08-34EC341DD463}.Release|Any CPU.Build.0 = Release|Any CPU
		{DCA9D28D-2CFC-40B0-86DB-C0BCB4BBF661}.Debug|Any CPU.ActiveCfg = Debug|Any CPU
		{DCA9D28D-2CFC-40B0-86DB-C0BCB4BBF661}.Debug|Any CPU.Build.0 = Debug|Any CPU
		{DCA9D28D-2CFC-40B0-86DB-C0BCB4BBF661}.Release|Any CPU.ActiveCfg = Release|Any CPU
		{DCA9D28D-2CFC-40B0-86DB-C0BCB4BBF661}.Release|Any CPU.Build.0 = Release|Any CPU
		{A784D5F5-E8BB-429C-9F6D-01C5F717ACDF}.Debug|Any CPU.ActiveCfg = Debug|Any CPU
		{A784D5F5-E8BB-429C-9F6D-01C5F717ACDF}.Debug|Any CPU.Build.0 = Debug|Any CPU
		{A784D5F5-E8BB-429C-9F6D-01C5F717ACDF}.Release|Any CPU.ActiveCfg = Release|Any CPU
		{A784D5F5-E8BB-429C-9F6D-01C5F717ACDF}.Release|Any CPU.Build.0 = Release|Any CPU
		{C83DF2E1-0C36-457F-96B7-4CF3ACDF9D91}.Debug|Any CPU.ActiveCfg = Debug|Any CPU
		{C83DF2E1-0C36-457F-96B7-4CF3ACDF9D91}.Debug|Any CPU.Build.0 = Debug|Any CPU
		{C83DF2E1-0C36-457F-96B7-4CF3ACDF9D91}.Release|Any CPU.ActiveCfg = Release|Any CPU
		{C83DF2E1-0C36-457F-96B7-4CF3ACDF9D91}.Release|Any CPU.Build.0 = Release|Any CPU
	EndGlobalSection
	GlobalSection(SolutionProperties) = preSolution
		HideSolutionNode = FALSE
	EndGlobalSection
	GlobalSection(ExtensibilityGlobals) = postSolution
		SolutionGuid = {5B2923F8-FE7B-4AE4-AF49-024F9E2BAE0C}
	EndGlobalSection
EndGlobal
